
Microsoft Visual Studio Solution File, Format Version 12.00
# Visual Studio Version 17
VisualStudioVersion = 17.13.35825.156
MinimumVisualStudioVersion = 10.0.40219.1
Project("{FAE04EC0-301F-11D3-BF4B-00C04F79EFBC}") = "Facet", "src\Facet\Facet.csproj", "{31123CE5-A21E-4A33-B0C9-C56CBCD964C3}"
EndProject
Project("{2150E333-8FDC-42A3-9474-1A3956D46DE8}") = "Solution Items", "Solution Items", "{8EC462FD-D22E-90A8-E5CE-7E832BA40C5D}"
	ProjectSection(SolutionItems) = preProject
		README.md = README.md
		Directory.Packages.props = Directory.Packages.props
		NuGet.Config = NuGet.Config
	EndProjectSection
EndProject
Project("{FAE04EC0-301F-11D3-BF4B-00C04F79EFBC}") = "Facet.Mapping", "src\Facet.Mapping\Facet.Mapping.csproj", "{CEF12992-4DB3-4770-B291-FF5FD67FDB01}"
EndProject
Project("{FAE04EC0-301F-11D3-BF4B-00C04F79EFBC}") = "Facet.Extensions", "src\Facet.Extensions\Facet.Extensions.csproj", "{DC7D6F19-83E8-4430-A7E1-11E3BC6D9EB6}"
EndProject
Project("{FAE04EC0-301F-11D3-BF4B-00C04F79EFBC}") = "Facet.Extensions.EFCore", "src\Facet.Extensions.EFCore\Facet.Extensions.EFCore.csproj", "{4BBA34E9-E0B6-7300-A1C6-BFB7924C4C91}"
EndProject
Global
	GlobalSection(SolutionConfigurationPlatforms) = preSolution
		Debug|Any CPU = Debug|Any CPU
		Release|Any CPU = Release|Any CPU
	EndGlobalSection
	GlobalSection(ProjectConfigurationPlatforms) = postSolution
		{31123CE5-A21E-4A33-B0C9-C56CBCD964C3}.Debug|Any CPU.ActiveCfg = Debug|Any CPU
		{31123CE5-A21E-4A33-B0C9-C56CBCD964C3}.Debug|Any CPU.Build.0 = Debug|Any CPU
		{31123CE5-A21E-4A33-B0C9-C56CBCD964C3}.Release|Any CPU.ActiveCfg = Release|Any CPU
		{31123CE5-A21E-4A33-B0C9-C56CBCD964C3}.Release|Any CPU.Build.0 = Release|Any CPU
		{CEF12992-4DB3-4770-B291-FF5FD67FDB01}.Debug|Any CPU.ActiveCfg = Debug|Any CPU
		{CEF12992-4DB3-4770-B291-FF5FD67FDB01}.Debug|Any CPU.Build.0 = Debug|Any CPU
		{CEF12992-4DB3-4770-B291-FF5FD67FDB01}.Release|Any CPU.ActiveCfg = Release|Any CPU
		{CEF12992-4DB3-4770-B291-FF5FD67FDB01}.Release|Any CPU.Build.0 = Release|Any CPU
		{DC7D6F19-83E8-4430-A7E1-11E3BC6D9EB6}.Debug|Any CPU.ActiveCfg = Debug|Any CPU
		{DC7D6F19-83E8-4430-A7E1-11E3BC6D9EB6}.Debug|Any CPU.Build.0 = Debug|Any CPU
		{DC7D6F19-83E8-4430-A7E1-11E3BC6D9EB6}.Release|Any CPU.ActiveCfg = Release|Any CPU
		{DC7D6F19-83E8-4430-A7E1-11E3BC6D9EB6}.Release|Any CPU.Build.0 = Release|Any CPU
		{4BBA34E9-E0B6-7300-A1C6-BFB7924C4C91}.Debug|Any CPU.ActiveCfg = Debug|Any CPU
		{4BBA34E9-E0B6-7300-A1C6-BFB7924C4C91}.Debug|Any CPU.Build.0 = Debug|Any CPU
		{4BBA34E9-E0B6-7300-A1C6-BFB7924C4C91}.Release|Any CPU.ActiveCfg = Release|Any CPU
		{4BBA34E9-E0B6-7300-A1C6-BFB7924C4C91}.Release|Any CPU.Build.0 = Release|Any CPU
	EndGlobalSection
	GlobalSection(SolutionProperties) = preSolution
		HideSolutionNode = FALSE
	EndGlobalSection
	GlobalSection(ExtensibilityGlobals) = postSolution
		SolutionGuid = {CEF45DDD-485B-4A2F-9944-8A36CFCD1994}
	EndGlobalSection
EndGlobal
